
Microsoft Visual Studio Solution File, Format Version 12.00
# Visual Studio 15
VisualStudioVersion = 15.0.27130.2003
MinimumVisualStudioVersion = 10.0.40219.1
Project("{FAE04EC0-301F-11D3-BF4B-00C04F79EFBC}") = "ccnet.buildBot.plugin", "ccnet.buildBot.plugin\ccnet.buildBot.plugin.csproj", "{CD44859F-9E0E-4EF2-9C12-36D9E6FB4E26}"
EndProject
Global
	GlobalSection(SolutionConfigurationPlatforms) = preSolution
		Debug|Any CPU = Debug|Any CPU
		Release|Any CPU = Release|Any CPU
	EndGlobalSection
	GlobalSection(ProjectConfigurationPlatforms) = postSolution
		{CD44859F-9E0E-4EF2-9C12-36D9E6FB4E26}.Debug|Any CPU.ActiveCfg = Debug|Any CPU
		{CD44859F-9E0E-4EF2-9C12-36D9E6FB4E26}.Debug|Any CPU.Build.0 = Debug|Any CPU
		{CD44859F-9E0E-4EF2-9C12-36D9E6FB4E26}.Release|Any CPU.ActiveCfg = Release|Any CPU
		{CD44859F-9E0E-4EF2-9C12-36D9E6FB4E26}.Release|Any CPU.Build.0 = Release|Any CPU
	EndGlobalSection
	GlobalSection(SolutionProperties) = preSolution
		HideSolutionNode = FALSE
	EndGlobalSection
	GlobalSection(ExtensibilityGlobals) = postSolution
		SolutionGuid = {0C6EDFDB-B029-4CA5-A447-4265AD09F24D}
	EndGlobalSection
EndGlobal
